PODS:
  - CRConfirmOrder (10):
    - CRConfirmOrder/Protocol (= 10)
    - CRConfirmOrder/ServiceProvider (= 10)
    - CRConfirmOrder/Source (= 10)
  - CRConfirmOrder/Protocol (10)
  - CRConfirmOrder/ServiceProvider (10):
    - CRConfirmOrder/Protocol
    - CRConfirmOrder/Source
    - CRProtocolManager
  - CRConfirmOrder/Source (10):
    - CRConfirmOrder/Protocol
  - CRGoodsDetail (6):
    - CRGoodsDetail/Protocol (= 6)
    - CRGoodsDetail/ServiceProvider (= 6)
    - CRGoodsDetail/Source (= 6)
  - CRGoodsDetail/Protocol (6)
  - CRGoodsDetail/ServiceProvider (6):
    - CRGoodsDetail/Protocol
    - CRGoodsDetail/Source
    - CRProtocolManager
  - CRGoodsDetail/Source (6):
    - CRConfirmOrder/Protocol
    - CRProtocolManager
  - CRProtocolManager (0.0.6)
  - CRTestModels (1)

DEPENDENCIES:
  - CRConfirmOrder
  - CRGoodsDetail
  - CRProtocolManager
  - CRTestModels

SPEC REPOS:
  https://github.com/cocoapods/specs.git:
    - CRProtocolManager
  https://github.com/sun6boys/CRRepositories.git:
    - CRConfirmOrder
    - CRGoodsDetail
    - CRTestModels

SPEC CHECKSUMS:
  CRConfirmOrder: ee9ec647545403cee1ee3b4cd19cf8401413a034
  CRGoodsDetail: 93e5a6819fe92769efbbafd2a5aa6d92e42ab80b
  CRProtocolManager: 0b76069708eebdf57450355b7a618f9a322f3b8b
  CRTestModels: ec5a47b25cd132fa90b1575e59a06b88b2ba8450

PODFILE CHECKSUM: a02e7e772b9ea74b29d4da2c2f2bb8f2ef4fc78b

COCOAPODS: 1.5.3
